
Microsoft Visual Studio Solution File, Format Version 12.00
# Visual Studio 15
VisualStudioVersion = 15.0.28010.2046
MinimumVisualStudioVersion = 10.0.40219.1
Project("{FAE04EC0-301F-11D3-BF4B-00C04F79EFBC}") = "Tracers.AddEditObservation", "Tracers.AddEditObservation\Tracers.AddEditObservation.csproj", "{2CF4C285-2E30-4999-A76C-FA75F5E8D23E}"
EndProject
Global
	GlobalSection(SolutionConfigurationPlatforms) = preSolution
		Debug|Any CPU = Debug|Any CPU
		Release|Any CPU = Release|Any CPU
	EndGlobalSection
	GlobalSection(ProjectConfigurationPlatforms) = postSolution
		{2CF4C285-2E30-4999-A76C-FA75F5E8D23E}.Debug|Any CPU.ActiveCfg = Debug|Any CPU
		{2CF4C285-2E30-4999-A76C-FA75F5E8D23E}.Debug|Any CPU.Build.0 = Debug|Any CPU
		{2CF4C285-2E30-4999-A76C-FA75F5E8D23E}.Release|Any CPU.ActiveCfg = Release|Any CPU
		{2CF4C285-2E30-4999-A76C-FA75F5E8D23E}.Release|Any CPU.Build.0 = Release|Any CPU
	EndGlobalSection
	GlobalSection(SolutionProperties) = preSolution
		HideSolutionNode = FALSE
	EndGlobalSection
	GlobalSection(ExtensibilityGlobals) = postSolution
		SolutionGuid = {FCF0BA78-1C81-4695-A80D-E34D4737B10B}
	EndGlobalSection
	GlobalSection(TeamFoundationVersionControl) = preSolution
		SccNumberOfProjects = 2
		SccEnterpriseProvider = {4CA58AB2-18FA-4F8D-95D4-32DDF27D184C}
		SccTeamFoundationServer = https://thisdotnetlife.visualstudio.com/
		SccLocalPath0 = .
		SccProjectUniqueName1 = Tracers.AddEditObservation\\Tracers.AddEditObservation.csproj
		SccProjectName1 = Tracers.AddEditObservation
		SccLocalPath1 = Tracers.AddEditObservation
	EndGlobalSection
EndGlobal
